// !$*UTF8*$!
{
	archiveVersion = 1;
	classes = {
	};
	objectVersion = 48;
	objects = {

/* Begin PBXBuildFile section */
		46BFDD057D24D92AE88A3711 /* Pods_Cost_TrackUITests.framework in Frameworks */ = {isa = PBXBuildFile; fileRef = DDC2EE39C215E79DA1FB862D /* Pods_Cost_TrackUITests.framework */; };
		D9032E9020FB1A71009EF5FC /* CostSheetViewController.swift in Sources */ = {isa = PBXBuildFile; fileRef = D9032E8F20FB1A71009EF5FC /* CostSheetViewController.swift */; };
		D9032E9220FB1A7F009EF5FC /* CostSheetViewController.xib in Resources */ = {isa = PBXBuildFile; fileRef = D9032E9120FB1A7F009EF5FC /* CostSheetViewController.xib */; };
		D9032EB620FB4DB5009EF5FC /* TransactionsTableViewDataSource.swift in Sources */ = {isa = PBXBuildFile; fileRef = D9032EB520FB4DB5009EF5FC /* TransactionsTableViewDataSource.swift */; };
		D9032EBA20FB4F20009EF5FC /* TransactionsTableViewCell.swift in Sources */ = {isa = PBXBuildFile; fileRef = D9032EB820FB4F20009EF5FC /* TransactionsTableViewCell.swift */; };
		D9032EBB20FB4F20009EF5FC /* TransactionsTableViewCell.xib in Resources */ = {isa = PBXBuildFile; fileRef = D9032EB920FB4F20009EF5FC /* TransactionsTableViewCell.xib */; };
		D9032EBD20FB75EC009EF5FC /* NewCostSheetViewController.swift in Sources */ = {isa = PBXBuildFile; fileRef = D9032EBC20FB75EC009EF5FC /* NewCostSheetViewController.swift */; };
		D9032EBF20FB7806009EF5FC /* CostSheetSettingsTableView.swift in Sources */ = {isa = PBXBuildFile; fileRef = D9032EBE20FB7806009EF5FC /* CostSheetSettingsTableView.swift */; };
		D962F3F220F9BE81003C7C58 /* AppDelegate.swift in Sources */ = {isa = PBXBuildFile; fileRef = D962F3F120F9BE81003C7C58 /* AppDelegate.swift */; };
		D962F3F720F9BE81003C7C58 /* Main.storyboard in Resources */ = {isa = PBXBuildFile; fileRef = D962F3F520F9BE81003C7C58 /* Main.storyboard */; };
		D962F3F920F9BE81003C7C58 /* Assets.xcassets in Resources */ = {isa = PBXBuildFile; fileRef = D962F3F820F9BE81003C7C58 /* Assets.xcassets */; };
		D962F3FC20F9BE81003C7C58 /* LaunchScreen.storyboard in Resources */ = {isa = PBXBuildFile; fileRef = D962F3FA20F9BE81003C7C58 /* LaunchScreen.storyboard */; };
		D962F40720F9BE81003C7C58 /* Cost_TrackTests.swift in Sources */ = {isa = PBXBuildFile; fileRef = D962F40620F9BE81003C7C58 /* Cost_TrackTests.swift */; };
		D962F41220F9BE81003C7C58 /* Cost_TrackUITests.swift in Sources */ = {isa = PBXBuildFile; fileRef = D962F41120F9BE81003C7C58 /* Cost_TrackUITests.swift */; };
		D962F42820F9C152003C7C58 /* MyCostSheetsViewController.swift in Sources */ = {isa = PBXBuildFile; fileRef = D962F42620F9C152003C7C58 /* MyCostSheetsViewController.swift */; };
		D962F42920F9C152003C7C58 /* MyCostSheetsViewController.xib in Resources */ = {isa = PBXBuildFile; fileRef = D962F42720F9C152003C7C58 /* MyCostSheetsViewController.xib */; };
		D962F42E20F9D877003C7C58 /* CostSheetTableViewCell.swift in Sources */ = {isa = PBXBuildFile; fileRef = D962F42C20F9D877003C7C58 /* CostSheetTableViewCell.swift */; };
		D962F42F20F9D877003C7C58 /* CostSheetTableViewCell.xib in Resources */ = {isa = PBXBuildFile; fileRef = D962F42D20F9D877003C7C58 /* CostSheetTableViewCell.xib */; };
		D98973CA210E147D0051F809 /* Account+Util.swift in Sources */ = {isa = PBXBuildFile; fileRef = D98973C9210E147D0051F809 /* Account+Util.swift */; };
		D98973D7210E16120051F809 /* Account.pb.swift in Sources */ = {isa = PBXBuildFile; fileRef = D98973D3210E16110051F809 /* Account.pb.swift */; };
		D98973DA210E16120051F809 /* CostSheetGroup.pb.swift in Sources */ = {isa = PBXBuildFile; fileRef = D98973D6210E16120051F809 /* CostSheetGroup.pb.swift */; };
		D98973E0210E281F0051F809 /* CostSheet+Util.swift in Sources */ = {isa = PBXBuildFile; fileRef = D98973DF210E281F0051F809 /* CostSheet+Util.swift */; };
		D98973E2210E2E480051F809 /* Constants.swift in Sources */ = {isa = PBXBuildFile; fileRef = D98973E1210E2E480051F809 /* Constants.swift */; };
		D98973E4210E33100051F809 /* CostSheet.pb.swift in Sources */ = {isa = PBXBuildFile; fileRef = D98973E3210E330F0051F809 /* CostSheet.pb.swift */; };
		D98973E6210E336B0051F809 /* CostSheetEntry.pb.swift in Sources */ = {isa = PBXBuildFile; fileRef = D98973E5210E336B0051F809 /* CostSheetEntry.pb.swift */; };
		D98974062116E08A0051F809 /* DateUtil.swift in Sources */ = {isa = PBXBuildFile; fileRef = D98974052116E08A0051F809 /* DateUtil.swift */; };
		D98974082116FCBA0051F809 /* EntryDatePicker.swift in Sources */ = {isa = PBXBuildFile; fileRef = D98974072116FCBA0051F809 /* EntryDatePicker.swift */; };
		D989740A2116FCE60051F809 /* EntryDatePicker.xib in Resources */ = {isa = PBXBuildFile; fileRef = D98974092116FCE60051F809 /* EntryDatePicker.xib */; };
		D989740C21173E9A0051F809 /* EntryCategoryPicker.swift in Sources */ = {isa = PBXBuildFile; fileRef = D989740B21173E9A0051F809 /* EntryCategoryPicker.swift */; };
		D989740E21173EA60051F809 /* EntryCategoryPicker.xib in Resources */ = {isa = PBXBuildFile; fileRef = D989740D21173EA60051F809 /* EntryCategoryPicker.xib */; };
		D9897410211741410051F809 /* CommonUtil.swift in Sources */ = {isa = PBXBuildFile; fileRef = D989740F211741410051F809 /* CommonUtil.swift */; };
		D98974122117451B0051F809 /* CostSheetEntry+Util.swift in Sources */ = {isa = PBXBuildFile; fileRef = D98974112117451B0051F809 /* CostSheetEntry+Util.swift */; };
		D9F5E5F420FEF77300454FA9 /* CostSheetEntryViewController.swift in Sources */ = {isa = PBXBuildFile; fileRef = D9F5E5F220FEF77300454FA9 /* CostSheetEntryViewController.swift */; };
		D9F5E5F520FEF77300454FA9 /* CostSheetEntryViewController.xib in Resources */ = {isa = PBXBuildFile; fileRef = D9F5E5F320FEF77300454FA9 /* CostSheetEntryViewController.xib */; };
		E29127181D6F0C94E5F0F179 /* Pods_Cost_Track.framework in Frameworks */ = {isa = PBXBuildFile; fileRef = EF1107E34BB8B9B1C3F35C81 /* Pods_Cost_Track.framework */; };
		E76148CD255E1F8F252A1FA3 /* Pods_Cost_TrackTests.framework in Frameworks */ = {isa = PBXBuildFile; fileRef = E55E5E6EAB3C0544999D3AC4 /* Pods_Cost_TrackTests.framework */; };
/* End PBXBuildFile section */

/* Begin PBXContainerItemProxy section */
		D962F40320F9BE81003C7C58 /* PBXContainerItemProxy */ = {
			isa = PBXContainerItemProxy;
			containerPortal = D962F3E620F9BE81003C7C58 /* Project object */;
			proxyType = 1;
			remoteGlobalIDString = D962F3ED20F9BE81003C7C58;
			remoteInfo = "Cost Track";
		};
		D962F40E20F9BE81003C7C58 /* PBXContainerItemProxy */ = {
			isa = PBXContainerItemProxy;
			containerPortal = D962F3E620F9BE81003C7C58 /* Project object */;
			proxyType = 1;
			remoteGlobalIDString = D962F3ED20F9BE81003C7C58;
			remoteInfo = "Cost Track";
		};
/* End PBXContainerItemProxy section */

/* Begin PBXFileReference section */
		0C146C33E658E09E927EA1D0 /* Pods-Cost TrackTests.debug.xcconfig */ = {isa = PBXFileReference; includeInIndex = 1; lastKnownFileType = text.xcconfig; name = "Pods-Cost TrackTests.debug.xcconfig"; path = "Pods/Target Support Files/Pods-Cost TrackTests/Pods-Cost TrackTests.debug.xcconfig"; sourceTree = "<group>"; };
		15E5E7C711BC092FF8B917C9 /* Pods-Cost TrackTests.release.xcconfig */ = {isa = PBXFileReference; includeInIndex = 1; lastKnownFileType = text.xcconfig; name = "Pods-Cost TrackTests.release.xcconfig"; path = "Pods/Target Support Files/Pods-Cost TrackTests/Pods-Cost TrackTests.release.xcconfig"; sourceTree = "<group>"; };
		6DD8E2CE8DDF116C8A3F3285 /* Pods-Cost TrackUITests.release.xcconfig */ = {isa = PBXFileReference; includeInIndex = 1; lastKnownFileType = text.xcconfig; name = "Pods-Cost TrackUITests.release.xcconfig"; path = "Pods/Target Support Files/Pods-Cost TrackUITests/Pods-Cost TrackUITests.release.xcconfig"; sourceTree = "<group>"; };
		73EF54A4393CAEFDC84BF5C7 /* Pods-Cost Track.release.xcconfig */ = {isa = PBXFileReference; includeInIndex = 1; lastKnownFileType = text.xcconfig; name = "Pods-Cost Track.release.xcconfig"; path = "Pods/Target Support Files/Pods-Cost Track/Pods-Cost Track.release.xcconfig"; sourceTree = "<group>"; };
		CD6FC25114370BF422106606 /* Pods-Cost TrackUITests.debug.xcconfig */ = {isa = PBXFileReference; includeInIndex = 1; lastKnownFileType = text.xcconfig; name = "Pods-Cost TrackUITests.debug.xcconfig"; path = "Pods/Target Support Files/Pods-Cost TrackUITests/Pods-Cost TrackUITests.debug.xcconfig"; sourceTree = "<group>"; };
		D7806A52B146110D346C01D0 /* Pods-Cost Track.debug.xcconfig */ = {isa = PBXFileReference; includeInIndex = 1; lastKnownFileType = text.xcconfig; name = "Pods-Cost Track.debug.xcconfig"; path = "Pods/Target Support Files/Pods-Cost Track/Pods-Cost Track.debug.xcconfig"; sourceTree = "<group>"; };
		D9032E8F20FB1A71009EF5FC /* CostSheetViewController.swift */ = {isa = PBXFileReference; fileEncoding = 4; lastKnownFileType = sourcecode.swift; path = CostSheetViewController.swift; sourceTree = "<group>"; };
		D9032E9120FB1A7F009EF5FC /* CostSheetViewController.xib */ = {isa = PBXFileReference; fileEncoding = 4; lastKnownFileType = file.xib; path = CostSheetViewController.xib; sourceTree = "<group>"; };
		D9032EB520FB4DB5009EF5FC /* TransactionsTableViewDataSource.swift */ = {isa = PBXFileReference; lastKnownFileType = sourcecode.swift; path = TransactionsTableViewDataSource.swift; sourceTree = "<group>"; };
		D9032EB820FB4F20009EF5FC /* TransactionsTableViewCell.swift */ = {isa = PBXFileReference; lastKnownFileType = sourcecode.swift; path = TransactionsTableViewCell.swift; sourceTree = "<group>"; };
		D9032EB920FB4F20009EF5FC /* TransactionsTableViewCell.xib */ = {isa = PBXFileReference; lastKnownFileType = file.xib; path = TransactionsTableViewCell.xib; sourceTree = "<group>"; };
		D9032EBC20FB75EC009EF5FC /* NewCostSheetViewController.swift */ = {isa = PBXFileReference; lastKnownFileType = sourcecode.swift; path = NewCostSheetViewController.swift; sourceTree = "<group>"; };
		D9032EBE20FB7806009EF5FC /* CostSheetSettingsTableView.swift */ = {isa = PBXFileReference; lastKnownFileType = sourcecode.swift; path = CostSheetSettingsTableView.swift; sourceTree = "<group>"; };
		D962F3EE20F9BE81003C7C58 /* Cost Track.app */ = {isa = PBXFileReference; explicitFileType = wrapper.application; includeInIndex = 0; path = "Cost Track.app"; sourceTree = BUILT_PRODUCTS_DIR; };
		D962F3F120F9BE81003C7C58 /* AppDelegate.swift */ = {isa = PBXFileReference; lastKnownFileType = sourcecode.swift; path = AppDelegate.swift; sourceTree = "<group>"; };
		D962F3F620F9BE81003C7C58 /* Base */ = {isa = PBXFileReference; lastKnownFileType = file.storyboard; name = Base; path = Base.lproj/Main.storyboard; sourceTree = "<group>"; };
		D962F3F820F9BE81003C7C58 /* Assets.xcassets */ = {isa = PBXFileReference; lastKnownFileType = folder.assetcatalog; path = Assets.xcassets; sourceTree = "<group>"; };
		D962F3FB20F9BE81003C7C58 /* Base */ = {isa = PBXFileReference; lastKnownFileType = file.storyboard; name = Base; path = Base.lproj/LaunchScreen.storyboard; sourceTree = "<group>"; };
		D962F3FD20F9BE81003C7C58 /* Info.plist */ = {isa = PBXFileReference; lastKnownFileType = text.plist.xml; path = Info.plist; sourceTree = "<group>"; };
		D962F40220F9BE81003C7C58 /* Cost TrackTests.xctest */ = {isa = PBXFileReference; explicitFileType = wrapper.cfbundle; includeInIndex = 0; path = "Cost TrackTests.xctest"; sourceTree = BUILT_PRODUCTS_DIR; };
		D962F40620F9BE81003C7C58 /* Cost_TrackTests.swift */ = {isa = PBXFileReference; lastKnownFileType = sourcecode.swift; path = Cost_TrackTests.swift; sourceTree = "<group>"; };
		D962F40820F9BE81003C7C58 /* Info.plist */ = {isa = PBXFileReference; lastKnownFileType = text.plist.xml; path = Info.plist; sourceTree = "<group>"; };
		D962F40D20F9BE81003C7C58 /* Cost TrackUITests.xctest */ = {isa = PBXFileReference; explicitFileType = wrapper.cfbundle; includeInIndex = 0; path = "Cost TrackUITests.xctest"; sourceTree = BUILT_PRODUCTS_DIR; };
		D962F41120F9BE81003C7C58 /* Cost_TrackUITests.swift */ = {isa = PBXFileReference; lastKnownFileType = sourcecode.swift; path = Cost_TrackUITests.swift; sourceTree = "<group>"; };
		D962F41320F9BE81003C7C58 /* Info.plist */ = {isa = PBXFileReference; lastKnownFileType = text.plist.xml; path = Info.plist; sourceTree = "<group>"; };
		D962F42620F9C152003C7C58 /* MyCostSheetsViewController.swift */ = {isa = PBXFileReference; lastKnownFileType = sourcecode.swift; path = MyCostSheetsViewController.swift; sourceTree = "<group>"; };
		D962F42720F9C152003C7C58 /* MyCostSheetsViewController.xib */ = {isa = PBXFileReference; lastKnownFileType = file.xib; path = MyCostSheetsViewController.xib; sourceTree = "<group>"; };
		D962F42C20F9D877003C7C58 /* CostSheetTableViewCell.swift */ = {isa = PBXFileReference; lastKnownFileType = sourcecode.swift; path = CostSheetTableViewCell.swift; sourceTree = "<group>"; };
		D962F42D20F9D877003C7C58 /* CostSheetTableViewCell.xib */ = {isa = PBXFileReference; lastKnownFileType = file.xib; path = CostSheetTableViewCell.xib; sourceTree = "<group>"; };
		D98973C9210E147D0051F809 /* Account+Util.swift */ = {isa = PBXFileReference; lastKnownFileType = sourcecode.swift; path = "Account+Util.swift"; sourceTree = "<group>"; };
		D98973D3210E16110051F809 /* Account.pb.swift */ = {isa = PBXFileReference; fileEncoding = 4; lastKnownFileType = sourcecode.swift; path = Account.pb.swift; sourceTree = "<group>"; };
		D98973D6210E16120051F809 /* CostSheetGroup.pb.swift */ = {isa = PBXFileReference; fileEncoding = 4; lastKnownFileType = sourcecode.swift; path = CostSheetGroup.pb.swift; sourceTree = "<group>"; };
		D98973DF210E281F0051F809 /* CostSheet+Util.swift */ = {isa = PBXFileReference; lastKnownFileType = sourcecode.swift; path = "CostSheet+Util.swift"; sourceTree = "<group>"; };
		D98973E1210E2E480051F809 /* Constants.swift */ = {isa = PBXFileReference; lastKnownFileType = sourcecode.swift; path = Constants.swift; sourceTree = "<group>"; };
		D98973E3210E330F0051F809 /* CostSheet.pb.swift */ = {isa = PBXFileReference; fileEncoding = 4; lastKnownFileType = sourcecode.swift; path = CostSheet.pb.swift; sourceTree = "<group>"; };
		D98973E5210E336B0051F809 /* CostSheetEntry.pb.swift */ = {isa = PBXFileReference; fileEncoding = 4; lastKnownFileType = sourcecode.swift; path = CostSheetEntry.pb.swift; sourceTree = "<group>"; };
		D98974052116E08A0051F809 /* DateUtil.swift */ = {isa = PBXFileReference; lastKnownFileType = sourcecode.swift; path = DateUtil.swift; sourceTree = "<group>"; };
		D98974072116FCBA0051F809 /* EntryDatePicker.swift */ = {isa = PBXFileReference; lastKnownFileType = sourcecode.swift; name = EntryDatePicker.swift; path = "Cost Track/Views/Classes/EntryDatePicker.swift"; sourceTree = SOURCE_ROOT; };
		D98974092116FCE60051F809 /* EntryDatePicker.xib */ = {isa = PBXFileReference; lastKnownFileType = file.xib; path = EntryDatePicker.xib; sourceTree = "<group>"; };
		D989740B21173E9A0051F809 /* EntryCategoryPicker.swift */ = {isa = PBXFileReference; lastKnownFileType = sourcecode.swift; path = EntryCategoryPicker.swift; sourceTree = "<group>"; };
		D989740D21173EA60051F809 /* EntryCategoryPicker.xib */ = {isa = PBXFileReference; lastKnownFileType = file.xib; path = EntryCategoryPicker.xib; sourceTree = "<group>"; };
		D989740F211741410051F809 /* CommonUtil.swift */ = {isa = PBXFileReference; lastKnownFileType = sourcecode.swift; path = CommonUtil.swift; sourceTree = "<group>"; };
		D98974112117451B0051F809 /* CostSheetEntry+Util.swift */ = {isa = PBXFileReference; lastKnownFileType = sourcecode.swift; path = "CostSheetEntry+Util.swift"; sourceTree = "<group>"; };
		D9F5E5F220FEF77300454FA9 /* CostSheetEntryViewController.swift */ = {isa = PBXFileReference; lastKnownFileType = sourcecode.swift; path = CostSheetEntryViewController.swift; sourceTree = "<group>"; };
		D9F5E5F320FEF77300454FA9 /* CostSheetEntryViewController.xib */ = {isa = PBXFileReference; lastKnownFileType = file.xib; path = CostSheetEntryViewController.xib; sourceTree = "<group>"; };
		DDC2EE39C215E79DA1FB862D /* Pods_Cost_TrackUITests.framework */ = {isa = PBXFileReference; explicitFileType = wrapper.framework; includeInIndex = 0; path = Pods_Cost_TrackUITests.framework; sourceTree = BUILT_PRODUCTS_DIR; };
		E55E5E6EAB3C0544999D3AC4 /* Pods_Cost_TrackTests.framework */ = {isa = PBXFileReference; explicitFileType = wrapper.framework; includeInIndex = 0; path = Pods_Cost_TrackTests.framework; sourceTree = BUILT_PRODUCTS_DIR; };
		EF1107E34BB8B9B1C3F35C81 /* Pods_Cost_Track.framework */ = {isa = PBXFileReference; explicitFileType = wrapper.framework; includeInIndex = 0; path = Pods_Cost_Track.framework; sourceTree = BUILT_PRODUCTS_DIR; };
/* End PBXFileReference section */

/* Begin PBXFrameworksBuildPhase section */
		D962F3EB20F9BE81003C7C58 /* Frameworks */ = {
			isa = PBXFrameworksBuildPhase;
			buildActionMask = 2147483647;
			files = (
				E29127181D6F0C94E5F0F179 /* Pods_Cost_Track.framework in Frameworks */,
			);
			runOnlyForDeploymentPostprocessing = 0;
		};
		D962F3FF20F9BE81003C7C58 /* Frameworks */ = {
			isa = PBXFrameworksBuildPhase;
			buildActionMask = 2147483647;
			files = (
				E76148CD255E1F8F252A1FA3 /* Pods_Cost_TrackTests.framework in Frameworks */,
			);
			runOnlyForDeploymentPostprocessing = 0;
		};
		D962F40A20F9BE81003C7C58 /* Frameworks */ = {
			isa = PBXFrameworksBuildPhase;
			buildActionMask = 2147483647;
			files = (
				46BFDD057D24D92AE88A3711 /* Pods_Cost_TrackUITests.framework in Frameworks */,
			);
			runOnlyForDeploymentPostprocessing = 0;
		};
/* End PBXFrameworksBuildPhase section */

/* Begin PBXGroup section */
		8AFF407E5252393A96017F06 /* Frameworks */ = {
			isa = PBXGroup;
			children = (
				EF1107E34BB8B9B1C3F35C81 /* Pods_Cost_Track.framework */,
				E55E5E6EAB3C0544999D3AC4 /* Pods_Cost_TrackTests.framework */,
				DDC2EE39C215E79DA1FB862D /* Pods_Cost_TrackUITests.framework */,
			);
			name = Frameworks;
			sourceTree = "<group>";
		};
		CD5F2C1602B9078782D19234 /* Pods */ = {
			isa = PBXGroup;
			children = (
				D7806A52B146110D346C01D0 /* Pods-Cost Track.debug.xcconfig */,
				73EF54A4393CAEFDC84BF5C7 /* Pods-Cost Track.release.xcconfig */,
				0C146C33E658E09E927EA1D0 /* Pods-Cost TrackTests.debug.xcconfig */,
				15E5E7C711BC092FF8B917C9 /* Pods-Cost TrackTests.release.xcconfig */,
				CD6FC25114370BF422106606 /* Pods-Cost TrackUITests.debug.xcconfig */,
				6DD8E2CE8DDF116C8A3F3285 /* Pods-Cost TrackUITests.release.xcconfig */,
			);
			name = Pods;
			sourceTree = "<group>";
		};
		D9032EB720FB4EF8009EF5FC /* Classes */ = {
			isa = PBXGroup;
			children = (
				D98974072116FCBA0051F809 /* EntryDatePicker.swift */,
				D989740B21173E9A0051F809 /* EntryCategoryPicker.swift */,
				D962F42C20F9D877003C7C58 /* CostSheetTableViewCell.swift */,
				D9032EB820FB4F20009EF5FC /* TransactionsTableViewCell.swift */,
				D9032EBE20FB7806009EF5FC /* CostSheetSettingsTableView.swift */,
			);
			path = Classes;
			sourceTree = "<group>";
		};
		D962F3E520F9BE81003C7C58 = {
			isa = PBXGroup;
			children = (
				D962F3F020F9BE81003C7C58 /* Cost Track */,
				D962F40520F9BE81003C7C58 /* Cost TrackTests */,
				D962F41020F9BE81003C7C58 /* Cost TrackUITests */,
				D962F3EF20F9BE81003C7C58 /* Products */,
				CD5F2C1602B9078782D19234 /* Pods */,
				8AFF407E5252393A96017F06 /* Frameworks */,
			);
			sourceTree = "<group>";
		};
		D962F3EF20F9BE81003C7C58 /* Products */ = {
			isa = PBXGroup;
			children = (
				D962F3EE20F9BE81003C7C58 /* Cost Track.app */,
				D962F40220F9BE81003C7C58 /* Cost TrackTests.xctest */,
				D962F40D20F9BE81003C7C58 /* Cost TrackUITests.xctest */,
			);
			name = Products;
			sourceTree = "<group>";
		};
		D962F3F020F9BE81003C7C58 /* Cost Track */ = {
			isa = PBXGroup;
			children = (
				D962F41F20F9C09D003C7C58 /* Models */,
				D962F42020F9C0B1003C7C58 /* Views */,
				D962F42120F9C0BA003C7C58 /* Controllers */,
				D98973C7210E144D0051F809 /* Util */,
				D962F42420F9C0E9003C7C58 /* Resources */,
				D962F3FD20F9BE81003C7C58 /* Info.plist */,
			);
			path = "Cost Track";
			sourceTree = "<group>";
		};
		D962F40520F9BE81003C7C58 /* Cost TrackTests */ = {
			isa = PBXGroup;
			children = (
				D962F40620F9BE81003C7C58 /* Cost_TrackTests.swift */,
				D962F40820F9BE81003C7C58 /* Info.plist */,
			);
			path = "Cost TrackTests";
			sourceTree = "<group>";
		};
		D962F41020F9BE81003C7C58 /* Cost TrackUITests */ = {
			isa = PBXGroup;
			children = (
				D962F41120F9BE81003C7C58 /* Cost_TrackUITests.swift */,
				D962F41320F9BE81003C7C58 /* Info.plist */,
			);
			path = "Cost TrackUITests";
			sourceTree = "<group>";
		};
		D962F41F20F9C09D003C7C58 /* Models */ = {
			isa = PBXGroup;
			children = (
				D989739C210D6C7C0051F809 /* Proto */,
			);
			path = Models;
			sourceTree = "<group>";
		};
		D962F42020F9C0B1003C7C58 /* Views */ = {
			isa = PBXGroup;
			children = (
				D962F42320F9C0D3003C7C58 /* XIBs */,
				D962F42220F9C0C9003C7C58 /* Storyboards */,
				D9032EB720FB4EF8009EF5FC /* Classes */,
			);
			path = Views;
			sourceTree = "<group>";
		};
		D962F42120F9C0BA003C7C58 /* Controllers */ = {
			isa = PBXGroup;
			children = (
				D962F42520F9C0FF003C7C58 /* ViewControllers */,
				D962F3F120F9BE81003C7C58 /* AppDelegate.swift */,
				D9032EB520FB4DB5009EF5FC /* TransactionsTableViewDataSource.swift */,
			);
			path = Controllers;
			sourceTree = "<group>";
		};
		D962F42220F9C0C9003C7C58 /* Storyboards */ = {
			isa = PBXGroup;
			children = (
				D962F3F520F9BE81003C7C58 /* Main.storyboard */,
				D962F3FA20F9BE81003C7C58 /* LaunchScreen.storyboard */,
			);
			path = Storyboards;
			sourceTree = "<group>";
		};
		D962F42320F9C0D3003C7C58 /* XIBs */ = {
			isa = PBXGroup;
			children = (
				D97AB0F521228FFE00000D6F /* ViewControllers */,
				D97AB0F62122905400000D6F /* TableView cells */,
				D97AB0F72122906900000D6F /* Other views */,
			);
			path = XIBs;
			sourceTree = "<group>";
		};
		D962F42420F9C0E9003C7C58 /* Resources */ = {
			isa = PBXGroup;
			children = (
				D962F3F820F9BE81003C7C58 /* Assets.xcassets */,
			);
			path = Resources;
			sourceTree = "<group>";
		};
		D962F42520F9C0FF003C7C58 /* ViewControllers */ = {
			isa = PBXGroup;
			children = (
				D962F42620F9C152003C7C58 /* MyCostSheetsViewController.swift */,
				D9032E8F20FB1A71009EF5FC /* CostSheetViewController.swift */,
				D9F5E5F220FEF77300454FA9 /* CostSheetEntryViewController.swift */,
				D9032EBC20FB75EC009EF5FC /* NewCostSheetViewController.swift */,
			);
			path = ViewControllers;
			sourceTree = "<group>";
		};
		D97AB0F521228FFE00000D6F /* ViewControllers */ = {
			isa = PBXGroup;
			children = (
				D9F5E5F320FEF77300454FA9 /* CostSheetEntryViewController.xib */,
				D962F42720F9C152003C7C58 /* MyCostSheetsViewController.xib */,
				D9032E9120FB1A7F009EF5FC /* CostSheetViewController.xib */,
			);
			path = ViewControllers;
			sourceTree = "<group>";
		};
		D97AB0F62122905400000D6F /* TableView cells */ = {
			isa = PBXGroup;
			children = (
				D9032EB920FB4F20009EF5FC /* TransactionsTableViewCell.xib */,
				D962F42D20F9D877003C7C58 /* CostSheetTableViewCell.xib */,
			);
			path = "TableView cells";
			sourceTree = "<group>";
		};
		D97AB0F72122906900000D6F /* Other views */ = {
			isa = PBXGroup;
			children = (
				D98974092116FCE60051F809 /* EntryDatePicker.xib */,
				D989740D21173EA60051F809 /* EntryCategoryPicker.xib */,
			);
			path = "Other views";
			sourceTree = "<group>";
		};
		D989739C210D6C7C0051F809 /* Proto */ = {
			isa = PBXGroup;
			children = (
				D98973E3210E330F0051F809 /* CostSheet.pb.swift */,
				D98973D3210E16110051F809 /* Account.pb.swift */,
				D98973D6210E16120051F809 /* CostSheetGroup.pb.swift */,
				D98973E5210E336B0051F809 /* CostSheetEntry.pb.swift */,
			);
			path = Proto;
			sourceTree = "<group>";
		};
		D98973C7210E144D0051F809 /* Util */ = {
			isa = PBXGroup;
			children = (
				D98973C8210E14600051F809 /* Extensions */,
				D98973E1210E2E480051F809 /* Constants.swift */,
				D989740F211741410051F809 /* CommonUtil.swift */,
			);
			path = Util;
			sourceTree = "<group>";
		};
		D98973C8210E14600051F809 /* Extensions */ = {
			isa = PBXGroup;
			children = (
				D98973C9210E147D0051F809 /* Account+Util.swift */,
				D98973DF210E281F0051F809 /* CostSheet+Util.swift */,
				D98974052116E08A0051F809 /* DateUtil.swift */,
				D98974112117451B0051F809 /* CostSheetEntry+Util.swift */,
			);
			path = Extensions;
			sourceTree = "<group>";
		};
/* End PBXGroup section */

/* Begin PBXNativeTarget section */
		D962F3ED20F9BE81003C7C58 /* Cost Track */ = {
			isa = PBXNativeTarget;
			buildConfigurationList = D962F41620F9BE81003C7C58 /* Build configuration list for PBXNativeTarget "Cost Track" */;
			buildPhases = (
				675BF6D8F4FAAEC70CF4043F /* [CP] Check Pods Manifest.lock */,
				D962F3EA20F9BE81003C7C58 /* Sources */,
				D962F3EB20F9BE81003C7C58 /* Frameworks */,
				D962F3EC20F9BE81003C7C58 /* Resources */,
				A6CE5A7075B99805A8C0EBD2 /* [CP] Embed Pods Frameworks */,
			);
			buildRules = (
			);
			dependencies = (
			);
			name = "Cost Track";
			productName = "Cost Track";
			productReference = D962F3EE20F9BE81003C7C58 /* Cost Track.app */;
			productType = "com.apple.product-type.application";
		};
		D962F40120F9BE81003C7C58 /* Cost TrackTests */ = {
			isa = PBXNativeTarget;
			buildConfigurationList = D962F41920F9BE81003C7C58 /* Build configuration list for PBXNativeTarget "Cost TrackTests" */;
			buildPhases = (
				9132763A4738B151BE7B9468 /* [CP] Check Pods Manifest.lock */,
				D962F3FE20F9BE81003C7C58 /* Sources */,
				D962F3FF20F9BE81003C7C58 /* Frameworks */,
				D962F40020F9BE81003C7C58 /* Resources */,
			);
			buildRules = (
			);
			dependencies = (
				D962F40420F9BE81003C7C58 /* PBXTargetDependency */,
			);
			name = "Cost TrackTests";
			productName = "Cost TrackTests";
			productReference = D962F40220F9BE81003C7C58 /* Cost TrackTests.xctest */;
			productType = "com.apple.product-type.bundle.unit-test";
		};
		D962F40C20F9BE81003C7C58 /* Cost TrackUITests */ = {
			isa = PBXNativeTarget;
			buildConfigurationList = D962F41C20F9BE81003C7C58 /* Build configuration list for PBXNativeTarget "Cost TrackUITests" */;
			buildPhases = (
				15F94B5A2D14C8269EEA919B /* [CP] Check Pods Manifest.lock */,
				D962F40920F9BE81003C7C58 /* Sources */,
				D962F40A20F9BE81003C7C58 /* Frameworks */,
				D962F40B20F9BE81003C7C58 /* Resources */,
			);
			buildRules = (
			);
			dependencies = (
				D962F40F20F9BE81003C7C58 /* PBXTargetDependency */,
			);
			name = "Cost TrackUITests";
			productName = "Cost TrackUITests";
			productReference = D962F40D20F9BE81003C7C58 /* Cost TrackUITests.xctest */;
			productType = "com.apple.product-type.bundle.ui-testing";
		};
/* End PBXNativeTarget section */

/* Begin PBXProject section */
		D962F3E620F9BE81003C7C58 /* Project object */ = {
			isa = PBXProject;
			attributes = {
				LastSwiftUpdateCheck = 0920;
				LastUpgradeCheck = 0920;
				ORGANIZATIONNAME = "Karthik M S";
				TargetAttributes = {
					D962F3ED20F9BE81003C7C58 = {
						CreatedOnToolsVersion = 9.2;
						ProvisioningStyle = Automatic;
					};
					D962F40120F9BE81003C7C58 = {
						CreatedOnToolsVersion = 9.2;
						ProvisioningStyle = Automatic;
						TestTargetID = D962F3ED20F9BE81003C7C58;
					};
					D962F40C20F9BE81003C7C58 = {
						CreatedOnToolsVersion = 9.2;
						ProvisioningStyle = Automatic;
						TestTargetID = D962F3ED20F9BE81003C7C58;
					};
				};
			};
			buildConfigurationList = D962F3E920F9BE81003C7C58 /* Build configuration list for PBXProject "Cost Track" */;
			compatibilityVersion = "Xcode 8.0";
			developmentRegion = en;
			hasScannedForEncodings = 0;
			knownRegions = (
				en,
				Base,
			);
			mainGroup = D962F3E520F9BE81003C7C58;
			productRefGroup = D962F3EF20F9BE81003C7C58 /* Products */;
			projectDirPath = "";
			projectRoot = "";
			targets = (
				D962F3ED20F9BE81003C7C58 /* Cost Track */,
				D962F40120F9BE81003C7C58 /* Cost TrackTests */,
				D962F40C20F9BE81003C7C58 /* Cost TrackUITests */,
			);
		};
/* End PBXProject section */

/* Begin PBXResourcesBuildPhase section */
		D962F3EC20F9BE81003C7C58 /* Resources */ = {
			isa = PBXResourcesBuildPhase;
			buildActionMask = 2147483647;
			files = (
				D989740E21173EA60051F809 /* EntryCategoryPicker.xib in Resources */,
				D9F5E5F520FEF77300454FA9 /* CostSheetEntryViewController.xib in Resources */,
				D962F3FC20F9BE81003C7C58 /* LaunchScreen.storyboard in Resources */,
				D9032E9220FB1A7F009EF5FC /* CostSheetViewController.xib in Resources */,
				D962F42920F9C152003C7C58 /* MyCostSheetsViewController.xib in Resources */,
				D9032EBB20FB4F20009EF5FC /* TransactionsTableViewCell.xib in Resources */,
				D989740A2116FCE60051F809 /* EntryDatePicker.xib in Resources */,
				D962F3F920F9BE81003C7C58 /* Assets.xcassets in Resources */,
				D962F42F20F9D877003C7C58 /* CostSheetTableViewCell.xib in Resources */,
				D962F3F720F9BE81003C7C58 /* Main.storyboard in Resources */,
			);
			runOnlyForDeploymentPostprocessing = 0;
		};
		D962F40020F9BE81003C7C58 /* Resources */ = {
			isa = PBXResourcesBuildPhase;
			buildActionMask = 2147483647;
			files = (
			);
			runOnlyForDeploymentPostprocessing = 0;
		};
		D962F40B20F9BE81003C7C58 /* Resources */ = {
			isa = PBXResourcesBuildPhase;
			buildActionMask = 2147483647;
			files = (
			);
			runOnlyForDeploymentPostprocessing = 0;
		};
/* End PBXResourcesBuildPhase section */

/* Begin PBXShellScriptBuildPhase section */
		15F94B5A2D14C8269EEA919B /* [CP] Check Pods Manifest.lock */ = {
			isa = PBXShellScriptBuildPhase;
			buildActionMask = 2147483647;
			files = (
			);
			inputPaths = (
				"${PODS_PODFILE_DIR_PATH}/Podfile.lock",
				"${PODS_ROOT}/Manifest.lock",
			);
			name = "[CP] Check Pods Manifest.lock";
			outputPaths = (
				"$(DERIVED_FILE_DIR)/Pods-Cost TrackUITests-checkManifestLockResult.txt",
			);
			runOnlyForDeploymentPostprocessing = 0;
			shellPath = /bin/sh;
			shellScript = "diff \"${PODS_PODFILE_DIR_PATH}/Podfile.lock\" \"${PODS_ROOT}/Manifest.lock\" > /dev/null\nif [ $? != 0 ] ; then\n    # print error to STDERR\n    echo \"error: The sandbox is not in sync with the Podfile.lock. Run 'pod install' or update your CocoaPods installation.\" >&2\n    exit 1\nfi\n# This output is used by Xcode 'outputs' to avoid re-running this script phase.\necho \"SUCCESS\" > \"${SCRIPT_OUTPUT_FILE_0}\"\n";
			showEnvVarsInLog = 0;
		};
		675BF6D8F4FAAEC70CF4043F /* [CP] Check Pods Manifest.lock */ = {
			isa = PBXShellScriptBuildPhase;
			buildActionMask = 2147483647;
			files = (
			);
			inputPaths = (
				"${PODS_PODFILE_DIR_PATH}/Podfile.lock",
				"${PODS_ROOT}/Manifest.lock",
			);
			name = "[CP] Check Pods Manifest.lock";
			outputPaths = (
				"$(DERIVED_FILE_DIR)/Pods-Cost Track-checkManifestLockResult.txt",
			);
			runOnlyForDeploymentPostprocessing = 0;
			shellPath = /bin/sh;
			shellScript = "diff \"${PODS_PODFILE_DIR_PATH}/Podfile.lock\" \"${PODS_ROOT}/Manifest.lock\" > /dev/null\nif [ $? != 0 ] ; then\n    # print error to STDERR\n    echo \"error: The sandbox is not in sync with the Podfile.lock. Run 'pod install' or update your CocoaPods installation.\" >&2\n    exit 1\nfi\n# This output is used by Xcode 'outputs' to avoid re-running this script phase.\necho \"SUCCESS\" > \"${SCRIPT_OUTPUT_FILE_0}\"\n";
			showEnvVarsInLog = 0;
		};
		9132763A4738B151BE7B9468 /* [CP] Check Pods Manifest.lock */ = {
			isa = PBXShellScriptBuildPhase;
			buildActionMask = 2147483647;
			files = (
			);
			inputPaths = (
				"${PODS_PODFILE_DIR_PATH}/Podfile.lock",
				"${PODS_ROOT}/Manifest.lock",
			);
			name = "[CP] Check Pods Manifest.lock";
			outputPaths = (
				"$(DERIVED_FILE_DIR)/Pods-Cost TrackTests-checkManifestLockResult.txt",
			);
			runOnlyForDeploymentPostprocessing = 0;
			shellPath = /bin/sh;
			shellScript = "diff \"${PODS_PODFILE_DIR_PATH}/Podfile.lock\" \"${PODS_ROOT}/Manifest.lock\" > /dev/null\nif [ $? != 0 ] ; then\n    # print error to STDERR\n    echo \"error: The sandbox is not in sync with the Podfile.lock. Run 'pod install' or update your CocoaPods installation.\" >&2\n    exit 1\nfi\n# This output is used by Xcode 'outputs' to avoid re-running this script phase.\necho \"SUCCESS\" > \"${SCRIPT_OUTPUT_FILE_0}\"\n";
			showEnvVarsInLog = 0;
		};
		A6CE5A7075B99805A8C0EBD2 /* [CP] Embed Pods Frameworks */ = {
			isa = PBXShellScriptBuildPhase;
			buildActionMask = 2147483647;
			files = (
			);
			inputPaths = (
				"${SRCROOT}/Pods/Target Support Files/Pods-Cost Track/Pods-Cost Track-frameworks.sh",
				"${BUILT_PRODUCTS_DIR}/SwiftProtobuf/SwiftProtobuf.framework",
			);
			name = "[CP] Embed Pods Frameworks";
			outputPaths = (
				"${TARGET_BUILD_DIR}/${FRAMEWORKS_FOLDER_PATH}/SwiftProtobuf.framework",
			);
			runOnlyForDeploymentPostprocessing = 0;
			shellPath = /bin/sh;
			shellScript = "\"${SRCROOT}/Pods/Target Support Files/Pods-Cost Track/Pods-Cost Track-frameworks.sh\"\n";
			showEnvVarsInLog = 0;
		};
/* End PBXShellScriptBuildPhase section */

/* Begin PBXSourcesBuildPhase section */
		D962F3EA20F9BE81003C7C58 /* Sources */ = {
			isa = PBXSourcesBuildPhase;
			buildActionMask = 2147483647;
			files = (
				D98973E6210E336B0051F809 /* CostSheetEntry.pb.swift in Sources */,
				D98973D7210E16120051F809 /* Account.pb.swift in Sources */,
				D98973E4210E33100051F809 /* CostSheet.pb.swift in Sources */,
				D9032EBA20FB4F20009EF5FC /* TransactionsTableViewCell.swift in Sources */,
				D9032EB620FB4DB5009EF5FC /* TransactionsTableViewDataSource.swift in Sources */,
				D98974122117451B0051F809 /* CostSheetEntry+Util.swift in Sources */,
				D98974062116E08A0051F809 /* DateUtil.swift in Sources */,
				D9032EBF20FB7806009EF5FC /* CostSheetSettingsTableView.swift in Sources */,
				D9032EBD20FB75EC009EF5FC /* NewCostSheetViewController.swift in Sources */,
				D989740C21173E9A0051F809 /* EntryCategoryPicker.swift in Sources */,
				D962F42820F9C152003C7C58 /* MyCostSheetsViewController.swift in Sources */,
				D9F5E5F420FEF77300454FA9 /* CostSheetEntryViewController.swift in Sources */,
				D9032E9020FB1A71009EF5FC /* CostSheetViewController.swift in Sources */,
				D98973CA210E147D0051F809 /* Account+Util.swift in Sources */,
				D98973E0210E281F0051F809 /* CostSheet+Util.swift in Sources */,
				D98973DA210E16120051F809 /* CostSheetGroup.pb.swift in Sources */,
				D98973E2210E2E480051F809 /* Constants.swift in Sources */,
				D962F42E20F9D877003C7C58 /* CostSheetTableViewCell.swift in Sources */,
				D98974082116FCBA0051F809 /* EntryDatePicker.swift in Sources */,
				D9897410211741410051F809 /* CommonUtil.swift in Sources */,
				D962F3F220F9BE81003C7C58 /* AppDelegate.swift in Sources */,
			);
			runOnlyForDeploymentPostprocessing = 0;
		};
		D962F3FE20F9BE81003C7C58 /* Sources */ = {
			isa = PBXSourcesBuildPhase;
			buildActionMask = 2147483647;
			files = (
				D962F40720F9BE81003C7C58 /* Cost_TrackTests.swift in Sources */,
			);
			runOnlyForDeploymentPostprocessing = 0;
		};
		D962F40920F9BE81003C7C58 /* Sources */ = {
			isa = PBXSourcesBuildPhase;
			buildActionMask = 2147483647;
			files = (
				D962F41220F9BE81003C7C58 /* Cost_TrackUITests.swift in Sources */,
			);
			runOnlyForDeploymentPostprocessing = 0;
		};
/* End PBXSourcesBuildPhase section */

/* Begin PBXTargetDependency section */
		D962F40420F9BE81003C7C58 /* PBXTargetDependency */ = {
			isa = PBXTargetDependency;
			target = D962F3ED20F9BE81003C7C58 /* Cost Track */;
			targetProxy = D962F40320F9BE81003C7C58 /* PBXContainerItemProxy */;
		};
		D962F40F20F9BE81003C7C58 /* PBXTargetDependency */ = {
			isa = PBXTargetDependency;
			target = D962F3ED20F9BE81003C7C58 /* Cost Track */;
			targetProxy = D962F40E20F9BE81003C7C58 /* PBXContainerItemProxy */;
		};
/* End PBXTargetDependency section */

/* Begin PBXVariantGroup section */
		D962F3F520F9BE81003C7C58 /* Main.storyboard */ = {
			isa = PBXVariantGroup;
			children = (
				D962F3F620F9BE81003C7C58 /* Base */,
			);
			name = Main.storyboard;
			sourceTree = "<group>";
		};
		D962F3FA20F9BE81003C7C58 /* LaunchScreen.storyboard */ = {
			isa = PBXVariantGroup;
			children = (
				D962F3FB20F9BE81003C7C58 /* Base */,
			);
			name = LaunchScreen.storyboard;
			sourceTree = "<group>";
		};
/* End PBXVariantGroup section */

/* Begin XCBuildConfiguration section */
		D962F41420F9BE81003C7C58 /* Debug */ = {
			isa = XCBuildConfiguration;
			buildSettings = {
				ALWAYS_SEARCH_USER_PATHS = NO;
				CLANG_ANALYZER_NONNULL = YES;
				CLANG_ANALYZER_NUMBER_OBJECT_CONVERSION = YES_AGGRESSIVE;
				CLANG_CXX_LANGUAGE_STANDARD = "gnu++14";
				CLANG_CXX_LIBRARY = "libc++";
				CLANG_ENABLE_MODULES = YES;
				CLANG_ENABLE_OBJC_ARC = YES;
				CLANG_WARN_BLOCK_CAPTURE_AUTORELEASING = YES;
				CLANG_WARN_BOOL_CONVERSION = YES;
				CLANG_WARN_COMMA = YES;
				CLANG_WARN_CONSTANT_CONVERSION = YES;
				CLANG_WARN_DIRECT_OBJC_ISA_USAGE = YES_ERROR;
				CLANG_WARN_DOCUMENTATION_COMMENTS = YES;
				CLANG_WARN_EMPTY_BODY = YES;
				CLANG_WARN_ENUM_CONVERSION = YES;
				CLANG_WARN_INFINITE_RECURSION = YES;
				CLANG_WARN_INT_CONVERSION = YES;
				CLANG_WARN_NON_LITERAL_NULL_CONVERSION = YES;
				CLANG_WARN_OBJC_LITERAL_CONVERSION = YES;
				CLANG_WARN_OBJC_ROOT_CLASS = YES_ERROR;
				CLANG_WARN_RANGE_LOOP_ANALYSIS = YES;
				CLANG_WARN_STRICT_PROTOTYPES = YES;
				CLANG_WARN_SUSPICIOUS_MOVE = YES;
				CLANG_WARN_UNGUARDED_AVAILABILITY = YES_AGGRESSIVE;
				CLANG_WARN_UNREACHABLE_CODE = YES;
				CLANG_WARN__DUPLICATE_METHOD_MATCH = YES;
				CODE_SIGN_IDENTITY = "iPhone Developer";
				COPY_PHASE_STRIP = NO;
				DEBUG_INFORMATION_FORMAT = dwarf;
				ENABLE_STRICT_OBJC_MSGSEND = YES;
				ENABLE_TESTABILITY = YES;
				GCC_C_LANGUAGE_STANDARD = gnu11;
				GCC_DYNAMIC_NO_PIC = NO;
				GCC_NO_COMMON_BLOCKS = YES;
				GCC_OPTIMIZATION_LEVEL = 0;
				GCC_PREPROCESSOR_DEFINITIONS = (
					"DEBUG=1",
					"$(inherited)",
				);
				GCC_WARN_64_TO_32_BIT_CONVERSION = YES;
				GCC_WARN_ABOUT_RETURN_TYPE = YES_ERROR;
				GCC_WARN_UNDECLARED_SELECTOR = YES;
				GCC_WARN_UNINITIALIZED_AUTOS = YES_AGGRESSIVE;
				GCC_WARN_UNUSED_FUNCTION = YES;
				GCC_WARN_UNUSED_VARIABLE = YES;
				IPHONEOS_DEPLOYMENT_TARGET = 11.2;
				MTL_ENABLE_DEBUG_INFO = YES;
				ONLY_ACTIVE_ARCH = YES;
				SDKROOT = iphoneos;
				SWIFT_ACTIVE_COMPILATION_CONDITIONS = DEBUG;
				SWIFT_OPTIMIZATION_LEVEL = "-Onone";
			};
			name = Debug;
		};
		D962F41520F9BE81003C7C58 /* Release */ = {
			isa = XCBuildConfiguration;
			buildSettings = {
				ALWAYS_SEARCH_USER_PATHS = NO;
				CLANG_ANALYZER_NONNULL = YES;
				CLANG_ANALYZER_NUMBER_OBJECT_CONVERSION = YES_AGGRESSIVE;
				CLANG_CXX_LANGUAGE_STANDARD = "gnu++14";
				CLANG_CXX_LIBRARY = "libc++";
				CLANG_ENABLE_MODULES = YES;
				CLANG_ENABLE_OBJC_ARC = YES;
				CLANG_WARN_BLOCK_CAPTURE_AUTORELEASING = YES;
				CLANG_WARN_BOOL_CONVERSION = YES;
				CLANG_WARN_COMMA = YES;
				CLANG_WARN_CONSTANT_CONVERSION = YES;
				CLANG_WARN_DIRECT_OBJC_ISA_USAGE = YES_ERROR;
				CLANG_WARN_DOCUMENTATION_COMMENTS = YES;
				CLANG_WARN_EMPTY_BODY = YES;
				CLANG_WARN_ENUM_CONVERSION = YES;
				CLANG_WARN_INFINITE_RECURSION = YES;
				CLANG_WARN_INT_CONVERSION = YES;
				CLANG_WARN_NON_LITERAL_NULL_CONVERSION = YES;
				CLANG_WARN_OBJC_LITERAL_CONVERSION = YES;
				CLANG_WARN_OBJC_ROOT_CLASS = YES_ERROR;
				CLANG_WARN_RANGE_LOOP_ANALYSIS = YES;
				CLANG_WARN_STRICT_PROTOTYPES = YES;
				CLANG_WARN_SUSPICIOUS_MOVE = YES;
				CLANG_WARN_UNGUARDED_AVAILABILITY = YES_AGGRESSIVE;
				CLANG_WARN_UNREACHABLE_CODE = YES;
				CLANG_WARN__DUPLICATE_METHOD_MATCH = YES;
				CODE_SIGN_IDENTITY = "iPhone Developer";
				COPY_PHASE_STRIP = NO;
				DEBUG_INFORMATION_FORMAT = "dwarf-with-dsym";
				ENABLE_NS_ASSERTIONS = NO;
				ENABLE_STRICT_OBJC_MSGSEND = YES;
				GCC_C_LANGUAGE_STANDARD = gnu11;
				GCC_NO_COMMON_BLOCKS = YES;
				GCC_WARN_64_TO_32_BIT_CONVERSION = YES;
				GCC_WARN_ABOUT_RETURN_TYPE = YES_ERROR;
				GCC_WARN_UNDECLARED_SELECTOR = YES;
				GCC_WARN_UNINITIALIZED_AUTOS = YES_AGGRESSIVE;
				GCC_WARN_UNUSED_FUNCTION = YES;
				GCC_WARN_UNUSED_VARIABLE = YES;
				IPHONEOS_DEPLOYMENT_TARGET = 11.2;
				MTL_ENABLE_DEBUG_INFO = NO;
				SDKROOT = iphoneos;
				SWIFT_OPTIMIZATION_LEVEL = "-Owholemodule";
				VALIDATE_PRODUCT = YES;
			};
			name = Release;
		};
		D962F41720F9BE81003C7C58 /* Debug */ = {
			isa = XCBuildConfiguration;
			baseConfigurationReference = D7806A52B146110D346C01D0 /* Pods-Cost Track.debug.xcconfig */;
			buildSettings = {
				ASSETCATALOG_COMPILER_APPICON_NAME = AppIcon;
				CODE_SIGN_STYLE = Automatic;
				DEVELOPMENT_TEAM = 2TL9982YKQ;
				INFOPLIST_FILE = "Cost Track/Info.plist";
				LD_RUNPATH_SEARCH_PATHS = "$(inherited) @executable_path/Frameworks";
				PRODUCT_BUNDLE_IDENTIFIER = "KMS.Cost-Track";
				PRODUCT_NAME = "$(TARGET_NAME)";
				SWIFT_VERSION = 4.0;
				TARGETED_DEVICE_FAMILY = "1,2";
			};
			name = Debug;
		};
		D962F41820F9BE81003C7C58 /* Release */ = {
			isa = XCBuildConfiguration;
			baseConfigurationReference = 73EF54A4393CAEFDC84BF5C7 /* Pods-Cost Track.release.xcconfig */;
			buildSettings = {
				ASSETCATALOG_COMPILER_APPICON_NAME = AppIcon;
				CODE_SIGN_STYLE = Automatic;
				DEVELOPMENT_TEAM = 2TL9982YKQ;
				INFOPLIST_FILE = "Cost Track/Info.plist";
				LD_RUNPATH_SEARCH_PATHS = "$(inherited) @executable_path/Frameworks";
				PRODUCT_BUNDLE_IDENTIFIER = "KMS.Cost-Track";
				PRODUCT_NAME = "$(TARGET_NAME)";
				SWIFT_VERSION = 4.0;
				TARGETED_DEVICE_FAMILY = "1,2";
			};
			name = Release;
		};
		D962F41A20F9BE81003C7C58 /* Debug */ = {
			isa = XCBuildConfiguration;
			baseConfigurationReference = 0C146C33E658E09E927EA1D0 /* Pods-Cost TrackTests.debug.xcconfig */;
			buildSettings = {
				ALWAYS_EMBED_SWIFT_STANDARD_LIBRARIES = YES;
				BUNDLE_LOADER = "$(TEST_HOST)";
				CODE_SIGN_STYLE = Automatic;
				DEVELOPMENT_TEAM = 2TL9982YKQ;
				INFOPLIST_FILE = "Cost TrackTests/Info.plist";
				LD_RUNPATH_SEARCH_PATHS = "$(inherited) @executable_path/Frameworks @loader_path/Frameworks";
				PRODUCT_BUNDLE_IDENTIFIER = "KMS.Cost-TrackTests";
				PRODUCT_NAME = "$(TARGET_NAME)";
				SWIFT_VERSION = 4.0;
				TARGETED_DEVICE_FAMILY = "1,2";
				TEST_HOST = "$(BUILT_PRODUCTS_DIR)/Cost Track.app/Cost Track";
			};
			name = Debug;
		};
		D962F41B20F9BE81003C7C58 /* Release */ = {
			isa = XCBuildConfiguration;
			baseConfigurationReference = 15E5E7C711BC092FF8B917C9 /* Pods-Cost TrackTests.release.xcconfig */;
			buildSettings = {
				ALWAYS_EMBED_SWIFT_STANDARD_LIBRARIES = YES;
				BUNDLE_LOADER = "$(TEST_HOST)";
				CODE_SIGN_STYLE = Automatic;
				DEVELOPMENT_TEAM = 2TL9982YKQ;
				INFOPLIST_FILE = "Cost TrackTests/Info.plist";
				LD_RUNPATH_SEARCH_PATHS = "$(inherited) @executable_path/Frameworks @loader_path/Frameworks";
				PRODUCT_BUNDLE_IDENTIFIER = "KMS.Cost-TrackTests";
				PRODUCT_NAME = "$(TARGET_NAME)";
				SWIFT_VERSION = 4.0;
				TARGETED_DEVICE_FAMILY = "1,2";
				TEST_HOST = "$(BUILT_PRODUCTS_DIR)/Cost Track.app/Cost Track";
			};
			name = Release;
		};
		D962F41D20F9BE81003C7C58 /* Debug */ = {
			isa = XCBuildConfiguration;
			baseConfigurationReference = CD6FC25114370BF422106606 /* Pods-Cost TrackUITests.debug.xcconfig */;
			buildSettings = {
				ALWAYS_EMBED_SWIFT_STANDARD_LIBRARIES = YES;
				CODE_SIGN_STYLE = Automatic;
				DEVELOPMENT_TEAM = 2TL9982YKQ;
				INFOPLIST_FILE = "Cost TrackUITests/Info.plist";
				LD_RUNPATH_SEARCH_PATHS = "$(inherited) @executable_path/Frameworks @loader_path/Frameworks";
				PRODUCT_BUNDLE_IDENTIFIER = "KMS.Cost-TrackUITests";
				PRODUCT_NAME = "$(TARGET_NAME)";
				SWIFT_VERSION = 4.0;
				TARGETED_DEVICE_FAMILY = "1,2";
				TEST_TARGET_NAME = "Cost Track";
			};
			name = Debug;
		};
		D962F41E20F9BE81003C7C58 /* Release */ = {
			isa = XCBuildConfiguration;
			baseConfigurationReference = 6DD8E2CE8DDF116C8A3F3285 /* Pods-Cost TrackUITests.release.xcconfig */;
			buildSettings = {
				ALWAYS_EMBED_SWIFT_STANDARD_LIBRARIES = YES;
				CODE_SIGN_STYLE = Automatic;
				DEVELOPMENT_TEAM = 2TL9982YKQ;
				INFOPLIST_FILE = "Cost TrackUITests/Info.plist";
				LD_RUNPATH_SEARCH_PATHS = "$(inherited) @executable_path/Frameworks @loader_path/Frameworks";
				PRODUCT_BUNDLE_IDENTIFIER = "KMS.Cost-TrackUITests";
				PRODUCT_NAME = "$(TARGET_NAME)";
				SWIFT_VERSION = 4.0;
				TARGETED_DEVICE_FAMILY = "1,2";
				TEST_TARGET_NAME = "Cost Track";
			};
			name = Release;
		};
/* End XCBuildConfiguration section */

/* Begin XCConfigurationList section */
		D962F3E920F9BE81003C7C58 /* Build configuration list for PBXProject "Cost Track" */ = {
			isa = XCConfigurationList;
			buildConfigurations = (
				D962F41420F9BE81003C7C58 /* Debug */,
				D962F41520F9BE81003C7C58 /* Release */,
			);
			defaultConfigurationIsVisible = 0;
			defaultConfigurationName = Release;
		};
		D962F41620F9BE81003C7C58 /* Build configuration list for PBXNativeTarget "Cost Track" */ = {
			isa = XCConfigurationList;
			buildConfigurations = (
				D962F41720F9BE81003C7C58 /* Debug */,
				D962F41820F9BE81003C7C58 /* Release */,
			);
			defaultConfigurationIsVisible = 0;
			defaultConfigurationName = Release;
		};
		D962F41920F9BE81003C7C58 /* Build configuration list for PBXNativeTarget "Cost TrackTests" */ = {
			isa = XCConfigurationList;
			buildConfigurations = (
				D962F41A20F9BE81003C7C58 /* Debug */,
				D962F41B20F9BE81003C7C58 /* Release */,
			);
			defaultConfigurationIsVisible = 0;
			defaultConfigurationName = Release;
		};
		D962F41C20F9BE81003C7C58 /* Build configuration list for PBXNativeTarget "Cost TrackUITests" */ = {
			isa = XCConfigurationList;
			buildConfigurations = (
				D962F41D20F9BE81003C7C58 /* Debug */,
				D962F41E20F9BE81003C7C58 /* Release */,
			);
			defaultConfigurationIsVisible = 0;
			defaultConfigurationName = Release;
		};
/* End XCConfigurationList section */
	};
	rootObject = D962F3E620F9BE81003C7C58 /* Project object */;
}
